
Microsoft Visual Studio Solution File, Format Version 12.00
# Visual Studio Version 17
VisualStudioVersion = 17.9.34511.98
MinimumVisualStudioVersion = 10.0.40219.1
Project("{9A19103F-16F7-4668-BE54-9A1E7A4F7556}") = "Hackathon.ISSE.Server", "Hackathon.ISSE.Server\Hackathon.ISSE.Server.csproj", "{3E984809-0D07-469D-84D8-52BAC0FC5DFD}"
EndProject
Project("{FAE04EC0-301F-11D3-BF4B-00C04F79EFBC}") = "Hackathon.ISSE.Models", "Hackathon.ISSE.Models\Hackathon.ISSE.Models.csproj", "{CF367D85-D64D-468B-A416-DBF41944CD78}"
EndProject
Project("{FAE04EC0-301F-11D3-BF4B-00C04F79EFBC}") = "Hackathon.ISSE.DataAccess", "Hackathon.ISSE.DataAccess\Hackathon.ISSE.DataAccess.csproj", "{A2AD9BCC-1FB0-47DC-AD5C-96BD92391741}"
EndProject
Global
	GlobalSection(SolutionConfigurationPlatforms) = preSolution
		Debug|Any CPU = Debug|Any CPU
		Release|Any CPU = Release|Any CPU
	EndGlobalSection
	GlobalSection(ProjectConfigurationPlatforms) = postSolution
		{3E984809-0D07-469D-84D8-52BAC0FC5DFD}.Debug|Any CPU.ActiveCfg = Debug|Any CPU
		{3E984809-0D07-469D-84D8-52BAC0FC5DFD}.Debug|Any CPU.Build.0 = Debug|Any CPU
		{3E984809-0D07-469D-84D8-52BAC0FC5DFD}.Release|Any CPU.ActiveCfg = Release|Any CPU
		{3E984809-0D07-469D-84D8-52BAC0FC5DFD}.Release|Any CPU.Build.0 = Release|Any CPU
		{CF367D85-D64D-468B-A416-DBF41944CD78}.Debug|Any CPU.ActiveCfg = Debug|Any CPU
		{CF367D85-D64D-468B-A416-DBF41944CD78}.Debug|Any CPU.Build.0 = Debug|Any CPU
		{CF367D85-D64D-468B-A416-DBF41944CD78}.Release|Any CPU.ActiveCfg = Release|Any CPU
		{CF367D85-D64D-468B-A416-DBF41944CD78}.Release|Any CPU.Build.0 = Release|Any CPU
		{A2AD9BCC-1FB0-47DC-AD5C-96BD92391741}.Debug|Any CPU.ActiveCfg = Debug|Any CPU
		{A2AD9BCC-1FB0-47DC-AD5C-96BD92391741}.Debug|Any CPU.Build.0 = Debug|Any CPU
		{A2AD9BCC-1FB0-47DC-AD5C-96BD92391741}.Release|Any CPU.ActiveCfg = Release|Any CPU
		{A2AD9BCC-1FB0-47DC-AD5C-96BD92391741}.Release|Any CPU.Build.0 = Release|Any CPU
	EndGlobalSection
	GlobalSection(SolutionProperties) = preSolution
		HideSolutionNode = FALSE
	EndGlobalSection
	GlobalSection(ExtensibilityGlobals) = postSolution
		SolutionGuid = {EAA0FF33-994B-40B1-AFEC-12773A0C3FEA}
	EndGlobalSection
EndGlobal
